
Microsoft Visual Studio Solution File, Format Version 12.00
# Visual Studio 2013
VisualStudioVersion = 12.0.30501.0
MinimumVisualStudioVersion = 10.0.40219.1
Project("{FAE04EC0-301F-11D3-BF4B-00C04F79EFBC}") = "Hypermint", "HS-Chk\Hypermint.csproj", "{3DE72916-3108-4B6A-8C3A-E5711B5CD835}"
EndProject
Project("{2150E333-8FDC-42A3-9474-1A3956D46DE8}") = "Solution Items", "Solution Items", "{7D1BD224-43C7-41B1-8890-2CA932A17A9E}"
	ProjectSection(SolutionItems) = preProject
		HypermintFileManagement.cs = HypermintFileManagement.cs
		HypermintFileManagement.txt = HypermintFileManagement.txt
	EndProjectSection
EndProject
Global
	GlobalSection(SolutionConfigurationPlatforms) = preSolution
		Debug|Any CPU = Debug|Any CPU
		Release|Any CPU = Release|Any CPU
	EndGlobalSection
	GlobalSection(ProjectConfigurationPlatforms) = postSolution
		{3DE72916-3108-4B6A-8C3A-E5711B5CD835}.Debug|Any CPU.ActiveCfg = Debug|Any CPU
		{3DE72916-3108-4B6A-8C3A-E5711B5CD835}.Debug|Any CPU.Build.0 = Debug|Any CPU
		{3DE72916-3108-4B6A-8C3A-E5711B5CD835}.Release|Any CPU.ActiveCfg = Release|Any CPU
		{3DE72916-3108-4B6A-8C3A-E5711B5CD835}.Release|Any CPU.Build.0 = Release|Any CPU
	EndGlobalSection
	GlobalSection(SolutionProperties) = preSolution
		HideSolutionNode = FALSE
	EndGlobalSection
EndGlobal
